{
  "requires": true,
  "lockfileVersion": 1,
  "dependencies": {
    "@angular/animations": {
      "version": "9.1.11",
      "resolved": "https://registry.npmjs.org/@angular/animations/-/animations-9.1.11.tgz",
      "integrity": "sha512-VKAExUnEJfo1PDQKagpx2pn+QMZCsPLRiADzTdl4U0VPylK3ALbn4ZNY9UbdwyE2plitz++LkH7sEGGfh+PNrQ=="
    },
    "@angular/cdk": {
      "version": "9.2.4",
      "resolved": "https://registry.npmjs.org/@angular/cdk/-/cdk-9.2.4.tgz",
      "integrity": "sha512-iw2+qHMXHYVC6K/fttHeNHIieSKiTEodVutZoOEcBu9rmRTGbLB26V/CRsfIRmA1RBk+uFYWc6UQZnMC3RdnJQ==",
      "requires": {
        "parse5": "^5.0.0"
      }
    },
    "@angular/common": {
      "version": "9.1.11",
      "resolved": "https://registry.npmjs.org/@angular/common/-/common-9.1.11.tgz",
      "integrity": "sha512-Vh5lF7zWwDK9RedmYXUc8vUXyrecR3j1mAWlTlnmcHYxxFThPzN/dr0slQcPi6nyJn0EmyRKUGvAoZx4rIb7wg=="
    },
    "@angular/material": {
      "version": "9.2.4",
      "resolved": "https://registry.npmjs.org/@angular/material/-/material-9.2.4.tgz",
      "integrity": "sha512-LkoTXE6B0slvMhvfZDdPWaz4yaYLkaAp5VSPunI9pxGsPxzqEV9e210wC1/sjG/76Nk8Ep7/2z9XKac8Q9bMwA=="
    },
    "angular-bootstrap-md": {
      "version": "9.3.1",
      "resolved": "https://registry.npmjs.org/angular-bootstrap-md/-/angular-bootstrap-md-9.3.1.tgz",
      "integrity": "sha512-wQ7BzIce8HLs5tMjUXliHA+ePZFshs+5My/dYZ3imbKMKVbn6OMjEUNGc1q7iInHq+Rr5RHSz7ev8+J+NU/GYw=="
    },
    "bootstrap": {
      "version": "4.5.0",
      "resolved": "https://registry.npmjs.org/bootstrap/-/bootstrap-4.5.0.tgz",
      "integrity": "sha512-Z93QoXvodoVslA+PWNdk23Hze4RBYIkpb5h8I2HY2Tu2h7A0LpAgLcyrhrSUyo2/Oxm2l1fRZPs1e5hnxnliXA=="
    },
    "ng-uikit-pro-standard": {
      "version": "1.0.0",
      "resolved": "https://registry.npmjs.org/ng-uikit-pro-standard/-/ng-uikit-pro-standard-1.0.0.tgz",
      "integrity": "sha512-GaG4Ek8pJRdHdr6JtkE4mHMvhb619mJI9VOIXKas4F0iGRyTb7U4rc2Y9AFgsysOYBZKCYifSzKxCf3NukZj0w==",
      "requires": {
        "tslib": "^1.9.0"
      }
    },
    "parse5": {
      "version": "5.1.1",
      "resolved": "https://registry.npmjs.org/parse5/-/parse5-5.1.1.tgz",
      "integrity": "sha512-ugq4DFI0Ptb+WWjAdOK16+u/nHfiIrcE+sh8kZMaM0WllQKLI9rOUq6c2b7cwPkXdzfQESqvoqK6ug7U/Yyzug=="
    },
    "tslib": {
      "version": "1.13.0",
      "resolved": "https://registry.npmjs.org/tslib/-/tslib-1.13.0.tgz",
      "integrity": "sha512-i/6DQjL8Xf3be4K/E6Wgpekn5Qasl1usyw++dAA35Ue5orEn65VIxOA+YvNNl9HV3qv70T7CNwjODHZrLwvd1Q=="
    }
  }
}
